
Microsoft Visual Studio Solution File, Format Version 12.00
# Visual Studio 15
VisualStudioVersion = 15.0.27130.2027
MinimumVisualStudioVersion = 10.0.40219.1
Project("{FAE04EC0-301F-11D3-BF4B-00C04F79EFBC}") = "Telemedycyna", "Telemedycyna\Telemedycyna.csproj", "{E790EDEA-EED6-47AE-9AB5-5597A1ACD18E}"
EndProject
Project("{FAE04EC0-301F-11D3-BF4B-00C04F79EFBC}") = "ApplicationManager", "ApplicationManager\ApplicationManager.csproj", "{2B93E6F1-6916-41BD-B514-1ACE9894FF21}"
EndProject
Global
	GlobalSection(SolutionConfigurationPlatforms) = preSolution
		Debug|Any CPU = Debug|Any CPU
		Release|Any CPU = Release|Any CPU
	EndGlobalSection
	GlobalSection(ProjectConfigurationPlatforms) = postSolution
		{E790EDEA-EED6-47AE-9AB5-5597A1ACD18E}.Debug|Any CPU.ActiveCfg = Debug|Any CPU
		{E790EDEA-EED6-47AE-9AB5-5597A1ACD18E}.Debug|Any CPU.Build.0 = Debug|Any CPU
		{E790EDEA-EED6-47AE-9AB5-5597A1ACD18E}.Release|Any CPU.ActiveCfg = Release|Any CPU
		{E790EDEA-EED6-47AE-9AB5-5597A1ACD18E}.Release|Any CPU.Build.0 = Release|Any CPU
		{2B93E6F1-6916-41BD-B514-1ACE9894FF21}.Debug|Any CPU.ActiveCfg = Debug|Any CPU
		{2B93E6F1-6916-41BD-B514-1ACE9894FF21}.Debug|Any CPU.Build.0 = Debug|Any CPU
		{2B93E6F1-6916-41BD-B514-1ACE9894FF21}.Release|Any CPU.ActiveCfg = Release|Any CPU
		{2B93E6F1-6916-41BD-B514-1ACE9894FF21}.Release|Any CPU.Build.0 = Release|Any CPU
	EndGlobalSection
	GlobalSection(SolutionProperties) = preSolution
		HideSolutionNode = FALSE
	EndGlobalSection
	GlobalSection(ExtensibilityGlobals) = postSolution
		SolutionGuid = {F919813B-4A87-439C-98E5-E9FDEB08770A}
	EndGlobalSection
EndGlobal
